// !$*UTF8*$!
{
	archiveVersion = 1;
	classes = {
	};
	objectVersion = 50;
	objects = {

/* Begin PBXBuildFile section */
		406DB82325FA96BB00F90087 /* Leo.swift in Sources */ = {isa = PBXBuildFile; fileRef = 406DB82225FA96BB00F90087 /* Leo.swift */; };
		A353497825FA94650071E6DA /* AppDelegate.swift in Sources */ = {isa = PBXBuildFile; fileRef = A353497725FA94650071E6DA /* AppDelegate.swift */; };
		A353497A25FA94650071E6DA /* SceneDelegate.swift in Sources */ = {isa = PBXBuildFile; fileRef = A353497925FA94650071E6DA /* SceneDelegate.swift */; };
		A353497C25FA94650071E6DA /* ViewController.swift in Sources */ = {isa = PBXBuildFile; fileRef = A353497B25FA94650071E6DA /* ViewController.swift */; };
		A353497F25FA94650071E6DA /* Main.storyboard in Resources */ = {isa = PBXBuildFile; fileRef = A353497D25FA94650071E6DA /* Main.storyboard */; };
		A353498125FA94670071E6DA /* Assets.xcassets in Resources */ = {isa = PBXBuildFile; fileRef = A353498025FA94670071E6DA /* Assets.xcassets */; };
		A353498425FA94670071E6DA /* LaunchScreen.storyboard in Resources */ = {isa = PBXBuildFile; fileRef = A353498225FA94670071E6DA /* LaunchScreen.storyboard */; };
		A353498F25FA94680071E6DA /* TuffyTutorTests.swift in Sources */ = {isa = PBXBuildFile; fileRef = A353498E25FA94680071E6DA /* TuffyTutorTests.swift */; };
		A353499A25FA94680071E6DA /* TuffyTutorUITests.swift in Sources */ = {isa = PBXBuildFile; fileRef = A353499925FA94680071E6DA /* TuffyTutorUITests.swift */; };
 Massi
		FA4E73F925FA96B000FBEDC6 /* massi.swift in Sources */ = {isa = PBXBuildFile; fileRef = FA4E73F825FA96B000FBEDC6 /* massi.swift */; };

		A35349B625FA96DE0071E6DA /* Evelyn.swift in Sources */ = {isa = PBXBuildFile; fileRef = A35349B525FA96DE0071E6DA /* Evelyn.swift */; };
 main
/* End PBXBuildFile section */

/* Begin PBXContainerItemProxy section */
		A353498B25FA94680071E6DA /* PBXContainerItemProxy */ = {
			isa = PBXContainerItemProxy;
			containerPortal = A353496C25FA94650071E6DA /* Project object */;
			proxyType = 1;
			remoteGlobalIDString = A353497325FA94650071E6DA;
			remoteInfo = TuffyTutor;
		};
		A353499625FA94680071E6DA /* PBXContainerItemProxy */ = {
			isa = PBXContainerItemProxy;
			containerPortal = A353496C25FA94650071E6DA /* Project object */;
			proxyType = 1;
			remoteGlobalIDString = A353497325FA94650071E6DA;
			remoteInfo = TuffyTutor;
		};
/* End PBXContainerItemProxy section */

/* Begin PBXFileReference section */
		406DB82225FA96BB00F90087 /* Leo.swift */ = {isa = PBXFileReference; lastKnownFileType = sourcecode.swift; path = Leo.swift; sourceTree = "<group>"; };
		A353497425FA94650071E6DA /* TuffyTutor.app */ = {isa = PBXFileReference; explicitFileType = wrapper.application; includeInIndex = 0; path = TuffyTutor.app; sourceTree = BUILT_PRODUCTS_DIR; };
		A353497725FA94650071E6DA /* AppDelegate.swift */ = {isa = PBXFileReference; lastKnownFileType = sourcecode.swift; path = AppDelegate.swift; sourceTree = "<group>"; };
		A353497925FA94650071E6DA /* SceneDelegate.swift */ = {isa = PBXFileReference; lastKnownFileType = sourcecode.swift; path = SceneDelegate.swift; sourceTree = "<group>"; };
		A353497B25FA94650071E6DA /* ViewController.swift */ = {isa = PBXFileReference; lastKnownFileType = sourcecode.swift; path = ViewController.swift; sourceTree = "<group>"; };
		A353497E25FA94650071E6DA /* Base */ = {isa = PBXFileReference; lastKnownFileType = file.storyboard; name = Base; path = Base.lproj/Main.storyboard; sourceTree = "<group>"; };
		A353498025FA94670071E6DA /* Assets.xcassets */ = {isa = PBXFileReference; lastKnownFileType = folder.assetcatalog; path = Assets.xcassets; sourceTree = "<group>"; };
		A353498325FA94670071E6DA /* Base */ = {isa = PBXFileReference; lastKnownFileType = file.storyboard; name = Base; path = Base.lproj/LaunchScreen.storyboard; sourceTree = "<group>"; };
		A353498525FA94670071E6DA /* Info.plist */ = {isa = PBXFileReference; lastKnownFileType = text.plist.xml; path = Info.plist; sourceTree = "<group>"; };
		A353498A25FA94680071E6DA /* TuffyTutorTests.xctest */ = {isa = PBXFileReference; explicitFileType = wrapper.cfbundle; includeInIndex = 0; path = TuffyTutorTests.xctest; sourceTree = BUILT_PRODUCTS_DIR; };
		A353498E25FA94680071E6DA /* TuffyTutorTests.swift */ = {isa = PBXFileReference; lastKnownFileType = sourcecode.swift; path = TuffyTutorTests.swift; sourceTree = "<group>"; };
		A353499025FA94680071E6DA /* Info.plist */ = {isa = PBXFileReference; lastKnownFileType = text.plist.xml; path = Info.plist; sourceTree = "<group>"; };
		A353499525FA94680071E6DA /* TuffyTutorUITests.xctest */ = {isa = PBXFileReference; explicitFileType = wrapper.cfbundle; includeInIndex = 0; path = TuffyTutorUITests.xctest; sourceTree = BUILT_PRODUCTS_DIR; };
		A353499925FA94680071E6DA /* TuffyTutorUITests.swift */ = {isa = PBXFileReference; lastKnownFileType = sourcecode.swift; path = TuffyTutorUITests.swift; sourceTree = "<group>"; };
		A353499B25FA94680071E6DA /* Info.plist */ = {isa = PBXFileReference; lastKnownFileType = text.plist.xml; path = Info.plist; sourceTree = "<group>"; };
Massi
		FA4E73F825FA96B000FBEDC6 /* massi.swift */ = {isa = PBXFileReference; lastKnownFileType = sourcecode.swift; path = massi.swift; sourceTree = "<group>"; };

		A35349B525FA96DE0071E6DA /* Evelyn.swift */ = {isa = PBXFileReference; lastKnownFileType = sourcecode.swift; path = Evelyn.swift; sourceTree = "<group>"; };
 main
/* End PBXFileReference section */

/* Begin PBXFrameworksBuildPhase section */
		A353497125FA94650071E6DA /* Frameworks */ = {
			isa = PBXFrameworksBuildPhase;
			buildActionMask = 2147483647;
			files = (
			);
			runOnlyForDeploymentPostprocessing = 0;
		};
		A353498725FA94680071E6DA /* Frameworks */ = {
			isa = PBXFrameworksBuildPhase;
			buildActionMask = 2147483647;
			files = (
			);
			runOnlyForDeploymentPostprocessing = 0;
		};
		A353499225FA94680071E6DA /* Frameworks */ = {
			isa = PBXFrameworksBuildPhase;
			buildActionMask = 2147483647;
			files = (
			);
			runOnlyForDeploymentPostprocessing = 0;
		};
/* End PBXFrameworksBuildPhase section */

/* Begin PBXGroup section */
		A353496B25FA94650071E6DA = {
			isa = PBXGroup;
			children = (
				A353497625FA94650071E6DA /* TuffyTutor */,
				A353498D25FA94680071E6DA /* TuffyTutorTests */,
				A353499825FA94680071E6DA /* TuffyTutorUITests */,
				A353497525FA94650071E6DA /* Products */,
			);
			sourceTree = "<group>";
		};
		A353497525FA94650071E6DA /* Products */ = {
			isa = PBXGroup;
			children = (
				A353497425FA94650071E6DA /* TuffyTutor.app */,
				A353498A25FA94680071E6DA /* TuffyTutorTests.xctest */,
				A353499525FA94680071E6DA /* TuffyTutorUITests.xctest */,
			);
			name = Products;
			sourceTree = "<group>";
		};
		A353497625FA94650071E6DA /* TuffyTutor */ = {
			isa = PBXGroup;
			children = (
				A353497725FA94650071E6DA /* AppDelegate.swift */,
				A353497925FA94650071E6DA /* SceneDelegate.swift */,
				A353497B25FA94650071E6DA /* ViewController.swift */,
				A353497D25FA94650071E6DA /* Main.storyboard */,
				A353498025FA94670071E6DA /* Assets.xcassets */,
				A353498225FA94670071E6DA /* LaunchScreen.storyboard */,
				A353498525FA94670071E6DA /* Info.plist */,
Massi
				FA4E73F825FA96B000FBEDC6 /* massi.swift */,
=======
Evelyn
				A35349B525FA96DE0071E6DA /* Evelyn.swift */,

				406DB82225FA96BB00F90087 /* Leo.swift */,
 main
			);
			path = TuffyTutor;
			sourceTree = "<group>";
		};
		A353498D25FA94680071E6DA /* TuffyTutorTests */ = {
			isa = PBXGroup;
			children = (
				A353498E25FA94680071E6DA /* TuffyTutorTests.swift */,
				A353499025FA94680071E6DA /* Info.plist */,
			);
			path = TuffyTutorTests;
			sourceTree = "<group>";
		};
		A353499825FA94680071E6DA /* TuffyTutorUITests */ = {
			isa = PBXGroup;
			children = (
				A353499925FA94680071E6DA /* TuffyTutorUITests.swift */,
				A353499B25FA94680071E6DA /* Info.plist */,
			);
			path = TuffyTutorUITests;
			sourceTree = "<group>";
		};
/* End PBXGroup section */

/* Begin PBXNativeTarget section */
		A353497325FA94650071E6DA /* TuffyTutor */ = {
			isa = PBXNativeTarget;
			buildConfigurationList = A353499E25FA94680071E6DA /* Build configuration list for PBXNativeTarget "TuffyTutor" */;
			buildPhases = (
				A353497025FA94650071E6DA /* Sources */,
				A353497125FA94650071E6DA /* Frameworks */,
				A353497225FA94650071E6DA /* Resources */,
			);
			buildRules = (
			);
			dependencies = (
			);
			name = TuffyTutor;
			productName = TuffyTutor;
			productReference = A353497425FA94650071E6DA /* TuffyTutor.app */;
			productType = "com.apple.product-type.application";
		};
		A353498925FA94680071E6DA /* TuffyTutorTests */ = {
			isa = PBXNativeTarget;
			buildConfigurationList = A35349A125FA94680071E6DA /* Build configuration list for PBXNativeTarget "TuffyTutorTests" */;
			buildPhases = (
				A353498625FA94680071E6DA /* Sources */,
				A353498725FA94680071E6DA /* Frameworks */,
				A353498825FA94680071E6DA /* Resources */,
			);
			buildRules = (
			);
			dependencies = (
				A353498C25FA94680071E6DA /* PBXTargetDependency */,
			);
			name = TuffyTutorTests;
			productName = TuffyTutorTests;
			productReference = A353498A25FA94680071E6DA /* TuffyTutorTests.xctest */;
			productType = "com.apple.product-type.bundle.unit-test";
		};
		A353499425FA94680071E6DA /* TuffyTutorUITests */ = {
			isa = PBXNativeTarget;
			buildConfigurationList = A35349A425FA94680071E6DA /* Build configuration list for PBXNativeTarget "TuffyTutorUITests" */;
			buildPhases = (
				A353499125FA94680071E6DA /* Sources */,
				A353499225FA94680071E6DA /* Frameworks */,
				A353499325FA94680071E6DA /* Resources */,
			);
			buildRules = (
			);
			dependencies = (
				A353499725FA94680071E6DA /* PBXTargetDependency */,
			);
			name = TuffyTutorUITests;
			productName = TuffyTutorUITests;
			productReference = A353499525FA94680071E6DA /* TuffyTutorUITests.xctest */;
			productType = "com.apple.product-type.bundle.ui-testing";
		};
/* End PBXNativeTarget section */

/* Begin PBXProject section */
		A353496C25FA94650071E6DA /* Project object */ = {
			isa = PBXProject;
			attributes = {
				LastSwiftUpdateCheck = 1230;
				LastUpgradeCheck = 1230;
				TargetAttributes = {
					A353497325FA94650071E6DA = {
						CreatedOnToolsVersion = 12.3;
					};
					A353498925FA94680071E6DA = {
						CreatedOnToolsVersion = 12.3;
						TestTargetID = A353497325FA94650071E6DA;
					};
					A353499425FA94680071E6DA = {
						CreatedOnToolsVersion = 12.3;
						TestTargetID = A353497325FA94650071E6DA;
					};
				};
			};
			buildConfigurationList = A353496F25FA94650071E6DA /* Build configuration list for PBXProject "TuffyTutor" */;
			compatibilityVersion = "Xcode 9.3";
			developmentRegion = en;
			hasScannedForEncodings = 0;
			knownRegions = (
				en,
				Base,
			);
			mainGroup = A353496B25FA94650071E6DA;
			productRefGroup = A353497525FA94650071E6DA /* Products */;
			projectDirPath = "";
			projectRoot = "";
			targets = (
				A353497325FA94650071E6DA /* TuffyTutor */,
				A353498925FA94680071E6DA /* TuffyTutorTests */,
				A353499425FA94680071E6DA /* TuffyTutorUITests */,
			);
		};
/* End PBXProject section */

/* Begin PBXResourcesBuildPhase section */
		A353497225FA94650071E6DA /* Resources */ = {
			isa = PBXResourcesBuildPhase;
			buildActionMask = 2147483647;
			files = (
				A353498425FA94670071E6DA /* LaunchScreen.storyboard in Resources */,
				A353498125FA94670071E6DA /* Assets.xcassets in Resources */,
				A353497F25FA94650071E6DA /* Main.storyboard in Resources */,
			);
			runOnlyForDeploymentPostprocessing = 0;
		};
		A353498825FA94680071E6DA /* Resources */ = {
			isa = PBXResourcesBuildPhase;
			buildActionMask = 2147483647;
			files = (
			);
			runOnlyForDeploymentPostprocessing = 0;
		};
		A353499325FA94680071E6DA /* Resources */ = {
			isa = PBXResourcesBuildPhase;
			buildActionMask = 2147483647;
			files = (
			);
			runOnlyForDeploymentPostprocessing = 0;
		};
/* End PBXResourcesBuildPhase section */

/* Begin PBXSourcesBuildPhase section */
		A353497025FA94650071E6DA /* Sources */ = {
			isa = PBXSourcesBuildPhase;
			buildActionMask = 2147483647;
			files = (
				406DB82325FA96BB00F90087 /* Leo.swift in Sources */,
				A353497C25FA94650071E6DA /* ViewController.swift in Sources */,
				A353497825FA94650071E6DA /* AppDelegate.swift in Sources */,
				A35349B625FA96DE0071E6DA /* Evelyn.swift in Sources */,
				A353497A25FA94650071E6DA /* SceneDelegate.swift in Sources */,
				FA4E73F925FA96B000FBEDC6 /* massi.swift in Sources */,
			);
			runOnlyForDeploymentPostprocessing = 0;
		};
		A353498625FA94680071E6DA /* Sources */ = {
			isa = PBXSourcesBuildPhase;
			buildActionMask = 2147483647;
			files = (
				A353498F25FA94680071E6DA /* TuffyTutorTests.swift in Sources */,
			);
			runOnlyForDeploymentPostprocessing = 0;
		};
		A353499125FA94680071E6DA /* Sources */ = {
			isa = PBXSourcesBuildPhase;
			buildActionMask = 2147483647;
			files = (
				A353499A25FA94680071E6DA /* TuffyTutorUITests.swift in Sources */,
			);
			runOnlyForDeploymentPostprocessing = 0;
		};
/* End PBXSourcesBuildPhase section */

/* Begin PBXTargetDependency section */
		A353498C25FA94680071E6DA /* PBXTargetDependency */ = {
			isa = PBXTargetDependency;
			target = A353497325FA94650071E6DA /* TuffyTutor */;
			targetProxy = A353498B25FA94680071E6DA /* PBXContainerItemProxy */;
		};
		A353499725FA94680071E6DA /* PBXTargetDependency */ = {
			isa = PBXTargetDependency;
			target = A353497325FA94650071E6DA /* TuffyTutor */;
			targetProxy = A353499625FA94680071E6DA /* PBXContainerItemProxy */;
		};
/* End PBXTargetDependency section */

/* Begin PBXVariantGroup section */
		A353497D25FA94650071E6DA /* Main.storyboard */ = {
			isa = PBXVariantGroup;
			children = (
				A353497E25FA94650071E6DA /* Base */,
			);
			name = Main.storyboard;
			sourceTree = "<group>";
		};
		A353498225FA94670071E6DA /* LaunchScreen.storyboard */ = {
			isa = PBXVariantGroup;
			children = (
				A353498325FA94670071E6DA /* Base */,
			);
			name = LaunchScreen.storyboard;
			sourceTree = "<group>";
		};
/* End PBXVariantGroup section */

/* Begin XCBuildConfiguration section */
		A353499C25FA94680071E6DA /* Debug */ = {
			isa = XCBuildConfiguration;
			buildSettings = {
				ALWAYS_SEARCH_USER_PATHS = NO;
				CLANG_ANALYZER_NONNULL = YES;
				CLANG_ANALYZER_NUMBER_OBJECT_CONVERSION = YES_AGGRESSIVE;
				CLANG_CXX_LANGUAGE_STANDARD = "gnu++14";
				CLANG_CXX_LIBRARY = "libc++";
				CLANG_ENABLE_MODULES = YES;
				CLANG_ENABLE_OBJC_ARC = YES;
				CLANG_ENABLE_OBJC_WEAK = YES;
				CLANG_WARN_BLOCK_CAPTURE_AUTORELEASING = YES;
				CLANG_WARN_BOOL_CONVERSION = YES;
				CLANG_WARN_COMMA = YES;
				CLANG_WARN_CONSTANT_CONVERSION = YES;
				CLANG_WARN_DEPRECATED_OBJC_IMPLEMENTATIONS = YES;
				CLANG_WARN_DIRECT_OBJC_ISA_USAGE = YES_ERROR;
				CLANG_WARN_DOCUMENTATION_COMMENTS = YES;
				CLANG_WARN_EMPTY_BODY = YES;
				CLANG_WARN_ENUM_CONVERSION = YES;
				CLANG_WARN_INFINITE_RECURSION = YES;
				CLANG_WARN_INT_CONVERSION = YES;
				CLANG_WARN_NON_LITERAL_NULL_CONVERSION = YES;
				CLANG_WARN_OBJC_IMPLICIT_RETAIN_SELF = YES;
				CLANG_WARN_OBJC_LITERAL_CONVERSION = YES;
				CLANG_WARN_OBJC_ROOT_CLASS = YES_ERROR;
				CLANG_WARN_QUOTED_INCLUDE_IN_FRAMEWORK_HEADER = YES;
				CLANG_WARN_RANGE_LOOP_ANALYSIS = YES;
				CLANG_WARN_STRICT_PROTOTYPES = YES;
				CLANG_WARN_SUSPICIOUS_MOVE = YES;
				CLANG_WARN_UNGUARDED_AVAILABILITY = YES_AGGRESSIVE;
				CLANG_WARN_UNREACHABLE_CODE = YES;
				CLANG_WARN__DUPLICATE_METHOD_MATCH = YES;
				COPY_PHASE_STRIP = NO;
				DEBUG_INFORMATION_FORMAT = dwarf;
				ENABLE_STRICT_OBJC_MSGSEND = YES;
				ENABLE_TESTABILITY = YES;
				GCC_C_LANGUAGE_STANDARD = gnu11;
				GCC_DYNAMIC_NO_PIC = NO;
				GCC_NO_COMMON_BLOCKS = YES;
				GCC_OPTIMIZATION_LEVEL = 0;
				GCC_PREPROCESSOR_DEFINITIONS = (
					"DEBUG=1",
					"$(inherited)",
				);
				GCC_WARN_64_TO_32_BIT_CONVERSION = YES;
				GCC_WARN_ABOUT_RETURN_TYPE = YES_ERROR;
				GCC_WARN_UNDECLARED_SELECTOR = YES;
				GCC_WARN_UNINITIALIZED_AUTOS = YES_AGGRESSIVE;
				GCC_WARN_UNUSED_FUNCTION = YES;
				GCC_WARN_UNUSED_VARIABLE = YES;
				IPHONEOS_DEPLOYMENT_TARGET = 14.3;
				MTL_ENABLE_DEBUG_INFO = INCLUDE_SOURCE;
				MTL_FAST_MATH = YES;
				ONLY_ACTIVE_ARCH = YES;
				SDKROOT = iphoneos;
				SWIFT_ACTIVE_COMPILATION_CONDITIONS = DEBUG;
				SWIFT_OPTIMIZATION_LEVEL = "-Onone";
			};
			name = Debug;
		};
		A353499D25FA94680071E6DA /* Release */ = {
			isa = XCBuildConfiguration;
			buildSettings = {
				ALWAYS_SEARCH_USER_PATHS = NO;
				CLANG_ANALYZER_NONNULL = YES;
				CLANG_ANALYZER_NUMBER_OBJECT_CONVERSION = YES_AGGRESSIVE;
				CLANG_CXX_LANGUAGE_STANDARD = "gnu++14";
				CLANG_CXX_LIBRARY = "libc++";
				CLANG_ENABLE_MODULES = YES;
				CLANG_ENABLE_OBJC_ARC = YES;
				CLANG_ENABLE_OBJC_WEAK = YES;
				CLANG_WARN_BLOCK_CAPTURE_AUTORELEASING = YES;
				CLANG_WARN_BOOL_CONVERSION = YES;
				CLANG_WARN_COMMA = YES;
				CLANG_WARN_CONSTANT_CONVERSION = YES;
				CLANG_WARN_DEPRECATED_OBJC_IMPLEMENTATIONS = YES;
				CLANG_WARN_DIRECT_OBJC_ISA_USAGE = YES_ERROR;
				CLANG_WARN_DOCUMENTATION_COMMENTS = YES;
				CLANG_WARN_EMPTY_BODY = YES;
				CLANG_WARN_ENUM_CONVERSION = YES;
				CLANG_WARN_INFINITE_RECURSION = YES;
				CLANG_WARN_INT_CONVERSION = YES;
				CLANG_WARN_NON_LITERAL_NULL_CONVERSION = YES;
				CLANG_WARN_OBJC_IMPLICIT_RETAIN_SELF = YES;
				CLANG_WARN_OBJC_LITERAL_CONVERSION = YES;
				CLANG_WARN_OBJC_ROOT_CLASS = YES_ERROR;
				CLANG_WARN_QUOTED_INCLUDE_IN_FRAMEWORK_HEADER = YES;
				CLANG_WARN_RANGE_LOOP_ANALYSIS = YES;
				CLANG_WARN_STRICT_PROTOTYPES = YES;
				CLANG_WARN_SUSPICIOUS_MOVE = YES;
				CLANG_WARN_UNGUARDED_AVAILABILITY = YES_AGGRESSIVE;
				CLANG_WARN_UNREACHABLE_CODE = YES;
				CLANG_WARN__DUPLICATE_METHOD_MATCH = YES;
				COPY_PHASE_STRIP = NO;
				DEBUG_INFORMATION_FORMAT = "dwarf-with-dsym";
				ENABLE_NS_ASSERTIONS = NO;
				ENABLE_STRICT_OBJC_MSGSEND = YES;
				GCC_C_LANGUAGE_STANDARD = gnu11;
				GCC_NO_COMMON_BLOCKS = YES;
				GCC_WARN_64_TO_32_BIT_CONVERSION = YES;
				GCC_WARN_ABOUT_RETURN_TYPE = YES_ERROR;
				GCC_WARN_UNDECLARED_SELECTOR = YES;
				GCC_WARN_UNINITIALIZED_AUTOS = YES_AGGRESSIVE;
				GCC_WARN_UNUSED_FUNCTION = YES;
				GCC_WARN_UNUSED_VARIABLE = YES;
				IPHONEOS_DEPLOYMENT_TARGET = 14.3;
				MTL_ENABLE_DEBUG_INFO = NO;
				MTL_FAST_MATH = YES;
				SDKROOT = iphoneos;
				SWIFT_COMPILATION_MODE = wholemodule;
				SWIFT_OPTIMIZATION_LEVEL = "-O";
				VALIDATE_PRODUCT = YES;
			};
			name = Release;
		};
		A353499F25FA94680071E6DA /* Debug */ = {
			isa = XCBuildConfiguration;
			buildSettings = {
				ASSETCATALOG_COMPILER_APPICON_NAME = AppIcon;
				ASSETCATALOG_COMPILER_GLOBAL_ACCENT_COLOR_NAME = AccentColor;
				CODE_SIGN_STYLE = Automatic;
				INFOPLIST_FILE = TuffyTutor/Info.plist;
				LD_RUNPATH_SEARCH_PATHS = (
					"$(inherited)",
					"@executable_path/Frameworks",
				);
				PRODUCT_BUNDLE_IDENTIFIER = Evelyn.TuffyTutor;
				PRODUCT_NAME = "$(TARGET_NAME)";
				SWIFT_VERSION = 5.0;
				TARGETED_DEVICE_FAMILY = "1,2";
			};
			name = Debug;
		};
		A35349A025FA94680071E6DA /* Release */ = {
			isa = XCBuildConfiguration;
			buildSettings = {
				ASSETCATALOG_COMPILER_APPICON_NAME = AppIcon;
				ASSETCATALOG_COMPILER_GLOBAL_ACCENT_COLOR_NAME = AccentColor;
				CODE_SIGN_STYLE = Automatic;
				INFOPLIST_FILE = TuffyTutor/Info.plist;
				LD_RUNPATH_SEARCH_PATHS = (
					"$(inherited)",
					"@executable_path/Frameworks",
				);
				PRODUCT_BUNDLE_IDENTIFIER = Evelyn.TuffyTutor;
				PRODUCT_NAME = "$(TARGET_NAME)";
				SWIFT_VERSION = 5.0;
				TARGETED_DEVICE_FAMILY = "1,2";
			};
			name = Release;
		};
		A35349A225FA94680071E6DA /* Debug */ = {
			isa = XCBuildConfiguration;
			buildSettings = {
				ALWAYS_EMBED_SWIFT_STANDARD_LIBRARIES = YES;
				BUNDLE_LOADER = "$(TEST_HOST)";
				CODE_SIGN_STYLE = Automatic;
				INFOPLIST_FILE = TuffyTutorTests/Info.plist;
				IPHONEOS_DEPLOYMENT_TARGET = 14.3;
				LD_RUNPATH_SEARCH_PATHS = (
					"$(inherited)",
					"@executable_path/Frameworks",
					"@loader_path/Frameworks",
				);
				PRODUCT_BUNDLE_IDENTIFIER = Evelyn.TuffyTutorTests;
				PRODUCT_NAME = "$(TARGET_NAME)";
				SWIFT_VERSION = 5.0;
				TARGETED_DEVICE_FAMILY = "1,2";
				TEST_HOST = "$(BUILT_PRODUCTS_DIR)/TuffyTutor.app/TuffyTutor";
			};
			name = Debug;
		};
		A35349A325FA94680071E6DA /* Release */ = {
			isa = XCBuildConfiguration;
			buildSettings = {
				ALWAYS_EMBED_SWIFT_STANDARD_LIBRARIES = YES;
				BUNDLE_LOADER = "$(TEST_HOST)";
				CODE_SIGN_STYLE = Automatic;
				INFOPLIST_FILE = TuffyTutorTests/Info.plist;
				IPHONEOS_DEPLOYMENT_TARGET = 14.3;
				LD_RUNPATH_SEARCH_PATHS = (
					"$(inherited)",
					"@executable_path/Frameworks",
					"@loader_path/Frameworks",
				);
				PRODUCT_BUNDLE_IDENTIFIER = Evelyn.TuffyTutorTests;
				PRODUCT_NAME = "$(TARGET_NAME)";
				SWIFT_VERSION = 5.0;
				TARGETED_DEVICE_FAMILY = "1,2";
				TEST_HOST = "$(BUILT_PRODUCTS_DIR)/TuffyTutor.app/TuffyTutor";
			};
			name = Release;
		};
		A35349A525FA94680071E6DA /* Debug */ = {
			isa = XCBuildConfiguration;
			buildSettings = {
				ALWAYS_EMBED_SWIFT_STANDARD_LIBRARIES = YES;
				CODE_SIGN_STYLE = Automatic;
				INFOPLIST_FILE = TuffyTutorUITests/Info.plist;
				LD_RUNPATH_SEARCH_PATHS = (
					"$(inherited)",
					"@executable_path/Frameworks",
					"@loader_path/Frameworks",
				);
				PRODUCT_BUNDLE_IDENTIFIER = Evelyn.TuffyTutorUITests;
				PRODUCT_NAME = "$(TARGET_NAME)";
				SWIFT_VERSION = 5.0;
				TARGETED_DEVICE_FAMILY = "1,2";
				TEST_TARGET_NAME = TuffyTutor;
			};
			name = Debug;
		};
		A35349A625FA94680071E6DA /* Release */ = {
			isa = XCBuildConfiguration;
			buildSettings = {
				ALWAYS_EMBED_SWIFT_STANDARD_LIBRARIES = YES;
				CODE_SIGN_STYLE = Automatic;
				INFOPLIST_FILE = TuffyTutorUITests/Info.plist;
				LD_RUNPATH_SEARCH_PATHS = (
					"$(inherited)",
					"@executable_path/Frameworks",
					"@loader_path/Frameworks",
				);
				PRODUCT_BUNDLE_IDENTIFIER = Evelyn.TuffyTutorUITests;
				PRODUCT_NAME = "$(TARGET_NAME)";
				SWIFT_VERSION = 5.0;
				TARGETED_DEVICE_FAMILY = "1,2";
				TEST_TARGET_NAME = TuffyTutor;
			};
			name = Release;
		};
/* End XCBuildConfiguration section */

/* Begin XCConfigurationList section */
		A353496F25FA94650071E6DA /* Build configuration list for PBXProject "TuffyTutor" */ = {
			isa = XCConfigurationList;
			buildConfigurations = (
				A353499C25FA94680071E6DA /* Debug */,
				A353499D25FA94680071E6DA /* Release */,
			);
			defaultConfigurationIsVisible = 0;
			defaultConfigurationName = Release;
		};
		A353499E25FA94680071E6DA /* Build configuration list for PBXNativeTarget "TuffyTutor" */ = {
			isa = XCConfigurationList;
			buildConfigurations = (
				A353499F25FA94680071E6DA /* Debug */,
				A35349A025FA94680071E6DA /* Release */,
			);
			defaultConfigurationIsVisible = 0;
			defaultConfigurationName = Release;
		};
		A35349A125FA94680071E6DA /* Build configuration list for PBXNativeTarget "TuffyTutorTests" */ = {
			isa = XCConfigurationList;
			buildConfigurations = (
				A35349A225FA94680071E6DA /* Debug */,
				A35349A325FA94680071E6DA /* Release */,
			);
			defaultConfigurationIsVisible = 0;
			defaultConfigurationName = Release;
		};
		A35349A425FA94680071E6DA /* Build configuration list for PBXNativeTarget "TuffyTutorUITests" */ = {
			isa = XCConfigurationList;
			buildConfigurations = (
				A35349A525FA94680071E6DA /* Debug */,
				A35349A625FA94680071E6DA /* Release */,
			);
			defaultConfigurationIsVisible = 0;
			defaultConfigurationName = Release;
		};
/* End XCConfigurationList section */
	};
	rootObject = A353496C25FA94650071E6DA /* Project object */;
}
